
Microsoft Visual Studio Solution File, Format Version 12.00
# Visual Studio 14
VisualStudioVersion = 14.0.25420.1
MinimumVisualStudioVersion = 10.0.40219.1
Project("{FAE04EC0-301F-11D3-BF4B-00C04F79EFBC}") = "Train", "Train\Train.csproj", "{8216EEC6-A46B-43C9-B311-F95CE85C992B}"
EndProject
Project("{FAE04EC0-301F-11D3-BF4B-00C04F79EFBC}") = "MyClass", "MyClass\MyClass.csproj", "{23CAFE62-1F31-4D00-AB3D-538E6074CD8B}"
EndProject
Project("{FAE04EC0-301F-11D3-BF4B-00C04F79EFBC}") = "Employee", "Employee\Employee.csproj", "{39C37C65-1234-4892-8B9E-3745A2B79887}"
EndProject
Global
	GlobalSection(SolutionConfigurationPlatforms) = preSolution
		Debug|Any CPU = Debug|Any CPU
		Release|Any CPU = Release|Any CPU
	EndGlobalSection
	GlobalSection(ProjectConfigurationPlatforms) = postSolution
		{8216EEC6-A46B-43C9-B311-F95CE85C992B}.Debug|Any CPU.ActiveCfg = Debug|Any CPU
		{8216EEC6-A46B-43C9-B311-F95CE85C992B}.Debug|Any CPU.Build.0 = Debug|Any CPU
		{8216EEC6-A46B-43C9-B311-F95CE85C992B}.Release|Any CPU.ActiveCfg = Release|Any CPU
		{8216EEC6-A46B-43C9-B311-F95CE85C992B}.Release|Any CPU.Build.0 = Release|Any CPU
		{23CAFE62-1F31-4D00-AB3D-538E6074CD8B}.Debug|Any CPU.ActiveCfg = Debug|Any CPU
		{23CAFE62-1F31-4D00-AB3D-538E6074CD8B}.Debug|Any CPU.Build.0 = Debug|Any CPU
		{23CAFE62-1F31-4D00-AB3D-538E6074CD8B}.Release|Any CPU.ActiveCfg = Release|Any CPU
		{23CAFE62-1F31-4D00-AB3D-538E6074CD8B}.Release|Any CPU.Build.0 = Release|Any CPU
		{39C37C65-1234-4892-8B9E-3745A2B79887}.Debug|Any CPU.ActiveCfg = Debug|Any CPU
		{39C37C65-1234-4892-8B9E-3745A2B79887}.Debug|Any CPU.Build.0 = Debug|Any CPU
		{39C37C65-1234-4892-8B9E-3745A2B79887}.Release|Any CPU.ActiveCfg = Release|Any CPU
		{39C37C65-1234-4892-8B9E-3745A2B79887}.Release|Any CPU.Build.0 = Release|Any CPU
	EndGlobalSection
	GlobalSection(SolutionProperties) = preSolution
		HideSolutionNode = FALSE
	EndGlobalSection
EndGlobal
